
Microsoft Visual Studio Solution File, Format Version 12.00
# Visual Studio 15
VisualStudioVersion = 15.0.28010.2041
MinimumVisualStudioVersion = 10.0.40219.1
Project("{FAE04EC0-301F-11D3-BF4B-00C04F79EFBC}") = "Oder_api", "Oder_api\Oder_api.csproj", "{6CB42A8A-0821-46E3-95FB-C0B3708AB68D}"
EndProject
Project("{FAE04EC0-301F-11D3-BF4B-00C04F79EFBC}") = "Oder_api_UnitTests", "Oder_api_UnitTests\Oder_api_UnitTests.csproj", "{8661CC3F-A07F-47F3-A580-D1BED0D5C064}"
EndProject
Project("{FAE04EC0-301F-11D3-BF4B-00C04F79EFBC}") = "Oder_domain", "Oder_domain\Oder_domain.csproj", "{FCD02942-0681-40BF-A180-856FBB4D31AE}"
EndProject
Project("{FAE04EC0-301F-11D3-BF4B-00C04F79EFBC}") = "Oder_intigrationTests", "Oder_intigrationTests\Oder_intigrationTests.csproj", "{8548F1F3-BAC8-429F-8280-C5C0865CA6B8}"
EndProject
Project("{FAE04EC0-301F-11D3-BF4B-00C04F79EFBC}") = "Oder_domain_UnitTests", "Oder_domain_UnitTests\Oder_domain_UnitTests.csproj", "{39D53998-B8C4-4F48-9DEA-018F40112CD9}"
EndProject
Project("{FAE04EC0-301F-11D3-BF4B-00C04F79EFBC}") = "Oder_services_UnitTests", "Oder_services_UnitTests\Oder_services_UnitTests.csproj", "{2F03B4AB-A1F8-456E-9B0F-6C44F0EFFB26}"
EndProject
Project("{FAE04EC0-301F-11D3-BF4B-00C04F79EFBC}") = "Oder_services", "Oder_services\Oder_services.csproj", "{9C54848F-D82C-4AB7-8F31-22CAFC6D3201}"
EndProject
Global
	GlobalSection(SolutionConfigurationPlatforms) = preSolution
		Debug|Any CPU = Debug|Any CPU
		Release|Any CPU = Release|Any CPU
	EndGlobalSection
	GlobalSection(ProjectConfigurationPlatforms) = postSolution
		{6CB42A8A-0821-46E3-95FB-C0B3708AB68D}.Debug|Any CPU.ActiveCfg = Debug|Any CPU
		{6CB42A8A-0821-46E3-95FB-C0B3708AB68D}.Debug|Any CPU.Build.0 = Debug|Any CPU
		{6CB42A8A-0821-46E3-95FB-C0B3708AB68D}.Release|Any CPU.ActiveCfg = Release|Any CPU
		{6CB42A8A-0821-46E3-95FB-C0B3708AB68D}.Release|Any CPU.Build.0 = Release|Any CPU
		{8661CC3F-A07F-47F3-A580-D1BED0D5C064}.Debug|Any CPU.ActiveCfg = Debug|Any CPU
		{8661CC3F-A07F-47F3-A580-D1BED0D5C064}.Debug|Any CPU.Build.0 = Debug|Any CPU
		{8661CC3F-A07F-47F3-A580-D1BED0D5C064}.Release|Any CPU.ActiveCfg = Release|Any CPU
		{8661CC3F-A07F-47F3-A580-D1BED0D5C064}.Release|Any CPU.Build.0 = Release|Any CPU
		{FCD02942-0681-40BF-A180-856FBB4D31AE}.Debug|Any CPU.ActiveCfg = Debug|Any CPU
		{FCD02942-0681-40BF-A180-856FBB4D31AE}.Debug|Any CPU.Build.0 = Debug|Any CPU
		{FCD02942-0681-40BF-A180-856FBB4D31AE}.Release|Any CPU.ActiveCfg = Release|Any CPU
		{FCD02942-0681-40BF-A180-856FBB4D31AE}.Release|Any CPU.Build.0 = Release|Any CPU
		{8548F1F3-BAC8-429F-8280-C5C0865CA6B8}.Debug|Any CPU.ActiveCfg = Debug|Any CPU
		{8548F1F3-BAC8-429F-8280-C5C0865CA6B8}.Debug|Any CPU.Build.0 = Debug|Any CPU
		{8548F1F3-BAC8-429F-8280-C5C0865CA6B8}.Release|Any CPU.ActiveCfg = Release|Any CPU
		{8548F1F3-BAC8-429F-8280-C5C0865CA6B8}.Release|Any CPU.Build.0 = Release|Any CPU
		{39D53998-B8C4-4F48-9DEA-018F40112CD9}.Debug|Any CPU.ActiveCfg = Debug|Any CPU
		{39D53998-B8C4-4F48-9DEA-018F40112CD9}.Debug|Any CPU.Build.0 = Debug|Any CPU
		{39D53998-B8C4-4F48-9DEA-018F40112CD9}.Release|Any CPU.ActiveCfg = Release|Any CPU
		{39D53998-B8C4-4F48-9DEA-018F40112CD9}.Release|Any CPU.Build.0 = Release|Any CPU
		{2F03B4AB-A1F8-456E-9B0F-6C44F0EFFB26}.Debug|Any CPU.ActiveCfg = Debug|Any CPU
		{2F03B4AB-A1F8-456E-9B0F-6C44F0EFFB26}.Debug|Any CPU.Build.0 = Debug|Any CPU
		{2F03B4AB-A1F8-456E-9B0F-6C44F0EFFB26}.Release|Any CPU.ActiveCfg = Release|Any CPU
		{2F03B4AB-A1F8-456E-9B0F-6C44F0EFFB26}.Release|Any CPU.Build.0 = Release|Any CPU
		{9C54848F-D82C-4AB7-8F31-22CAFC6D3201}.Debug|Any CPU.ActiveCfg = Debug|Any CPU
		{9C54848F-D82C-4AB7-8F31-22CAFC6D3201}.Debug|Any CPU.Build.0 = Debug|Any CPU
		{9C54848F-D82C-4AB7-8F31-22CAFC6D3201}.Release|Any CPU.ActiveCfg = Release|Any CPU
		{9C54848F-D82C-4AB7-8F31-22CAFC6D3201}.Release|Any CPU.Build.0 = Release|Any CPU
	EndGlobalSection
	GlobalSection(SolutionProperties) = preSolution
		HideSolutionNode = FALSE
	EndGlobalSection
	GlobalSection(ExtensibilityGlobals) = postSolution
		SolutionGuid = {5D3F7636-28F1-4B03-BA64-1DED2AC4B9D7}
	EndGlobalSection
EndGlobal
